
Microsoft Visual Studio Solution File, Format Version 12.00
# Visual Studio Version 17
VisualStudioVersion = 17.0.32014.148
MinimumVisualStudioVersion = 10.0.40219.1
Project("{FAE04EC0-301F-11D3-BF4B-00C04F79EFBC}") = "ScServer", "ScServer.csproj", "{D2D4803E-D7CD-4906-84CD-355954568812}"
EndProject
Global
	GlobalSection(SolutionConfigurationPlatforms) = preSolution
		Debug|Any CPU = Debug|Any CPU
		Release|Any CPU = Release|Any CPU
	EndGlobalSection
	GlobalSection(ProjectConfigurationPlatforms) = postSolution
		{D2D4803E-D7CD-4906-84CD-355954568812}.Debug|Any CPU.ActiveCfg = Debug|Any CPU
		{D2D4803E-D7CD-4906-84CD-355954568812}.Debug|Any CPU.Build.0 = Debug|Any CPU
		{D2D4803E-D7CD-4906-84CD-355954568812}.Release|Any CPU.ActiveCfg = Release|Any CPU
		{D2D4803E-D7CD-4906-84CD-355954568812}.Release|Any CPU.Build.0 = Release|Any CPU
	EndGlobalSection
	GlobalSection(SolutionProperties) = preSolution
		HideSolutionNode = FALSE
	EndGlobalSection
	GlobalSection(ExtensibilityGlobals) = postSolution
		SolutionGuid = {EC5788B5-7199-4451-BC51-EA0790BF5FB4}
	EndGlobalSection
EndGlobal
